
Microsoft Visual Studio Solution File, Format Version 12.00
Project("{FAE04EC0-301F-11D3-BF4B-00C04F79EFBC}") = "DotBootstrap.Messaging.Contracts", "src\DotBootstrap.Messaging.Contracts\DotBootstrap.Messaging.Contracts.csproj", "{8F637571-B3D3-41A0-BF4C-94A01EA938E7}"
EndProject
Project("{FAE04EC0-301F-11D3-BF4B-00C04F79EFBC}") = "DotBootstrap.Messaging", "src\DotBootstrap.Messaging\DotBootstrap.Messaging.csproj", "{6712737C-E0F0-47C5-A4FC-9B752C8BBA7C}"
EndProject
Project("{2150E333-8FDC-42A3-9474-1A3956D46DE8}") = "Tests", "Tests", "{FFEBD071-4998-41A2-9A3A-A87304A1D488}"
EndProject
Project("{FAE04EC0-301F-11D3-BF4B-00C04F79EFBC}") = "DotBootstrap.Messaging.Tests", "src\Tests\DotBootstrap.Messaging.Tests\DotBootstrap.Messaging.Tests.csproj", "{85695B11-8EEB-49DF-BB51-44911711CD8D}"
EndProject
Project("{FAE04EC0-301F-11D3-BF4B-00C04F79EFBC}") = "DotBootstrap.Domain", "src\DotBootstrap.Domain\DotBootstrap.Domain.csproj", "{0D88CAA6-E966-492B-8E8E-4A5778F8CD3E}"
EndProject
Project("{FAE04EC0-301F-11D3-BF4B-00C04F79EFBC}") = "DotBootstrap.Domain.Tests", "src\Tests\DotBootstrap.Domain.Tests\DotBootstrap.Domain.Tests.csproj", "{3BE17D3E-B810-4EB2-A993-4D9E4902C128}"
EndProject
Project("{FAE04EC0-301F-11D3-BF4B-00C04F79EFBC}") = "DotBootstrap.Persistence", "src\DotBootstrap.Persistence\DotBootstrap.Persistence.csproj", "{DA8A3E1A-E106-4B52-A812-88AE6E041BCF}"
EndProject
Project("{FAE04EC0-301F-11D3-BF4B-00C04F79EFBC}") = "DotBootstrap.Persistence.IntegrationTests", "src\Tests\DotBootstrap.Persistence.IntegrationTests\DotBootstrap.Persistence.IntegrationTests.csproj", "{D1C93213-0E68-4B7D-86F6-B0F25DFE3045}"
EndProject
Global
	GlobalSection(SolutionConfigurationPlatforms) = preSolution
		Debug|Any CPU = Debug|Any CPU
		Release|Any CPU = Release|Any CPU
	EndGlobalSection
	GlobalSection(ProjectConfigurationPlatforms) = postSolution
		{8F637571-B3D3-41A0-BF4C-94A01EA938E7}.Debug|Any CPU.ActiveCfg = Debug|Any CPU
		{8F637571-B3D3-41A0-BF4C-94A01EA938E7}.Debug|Any CPU.Build.0 = Debug|Any CPU
		{8F637571-B3D3-41A0-BF4C-94A01EA938E7}.Release|Any CPU.ActiveCfg = Release|Any CPU
		{8F637571-B3D3-41A0-BF4C-94A01EA938E7}.Release|Any CPU.Build.0 = Release|Any CPU
		{6712737C-E0F0-47C5-A4FC-9B752C8BBA7C}.Debug|Any CPU.ActiveCfg = Debug|Any CPU
		{6712737C-E0F0-47C5-A4FC-9B752C8BBA7C}.Debug|Any CPU.Build.0 = Debug|Any CPU
		{6712737C-E0F0-47C5-A4FC-9B752C8BBA7C}.Release|Any CPU.ActiveCfg = Release|Any CPU
		{6712737C-E0F0-47C5-A4FC-9B752C8BBA7C}.Release|Any CPU.Build.0 = Release|Any CPU
		{85695B11-8EEB-49DF-BB51-44911711CD8D}.Debug|Any CPU.ActiveCfg = Debug|Any CPU
		{85695B11-8EEB-49DF-BB51-44911711CD8D}.Debug|Any CPU.Build.0 = Debug|Any CPU
		{85695B11-8EEB-49DF-BB51-44911711CD8D}.Release|Any CPU.ActiveCfg = Release|Any CPU
		{85695B11-8EEB-49DF-BB51-44911711CD8D}.Release|Any CPU.Build.0 = Release|Any CPU
		{0D88CAA6-E966-492B-8E8E-4A5778F8CD3E}.Debug|Any CPU.ActiveCfg = Debug|Any CPU
		{0D88CAA6-E966-492B-8E8E-4A5778F8CD3E}.Debug|Any CPU.Build.0 = Debug|Any CPU
		{0D88CAA6-E966-492B-8E8E-4A5778F8CD3E}.Release|Any CPU.ActiveCfg = Release|Any CPU
		{0D88CAA6-E966-492B-8E8E-4A5778F8CD3E}.Release|Any CPU.Build.0 = Release|Any CPU
		{3BE17D3E-B810-4EB2-A993-4D9E4902C128}.Debug|Any CPU.ActiveCfg = Debug|Any CPU
		{3BE17D3E-B810-4EB2-A993-4D9E4902C128}.Debug|Any CPU.Build.0 = Debug|Any CPU
		{3BE17D3E-B810-4EB2-A993-4D9E4902C128}.Release|Any CPU.ActiveCfg = Release|Any CPU
		{3BE17D3E-B810-4EB2-A993-4D9E4902C128}.Release|Any CPU.Build.0 = Release|Any CPU
		{DA8A3E1A-E106-4B52-A812-88AE6E041BCF}.Debug|Any CPU.ActiveCfg = Debug|Any CPU
		{DA8A3E1A-E106-4B52-A812-88AE6E041BCF}.Debug|Any CPU.Build.0 = Debug|Any CPU
		{DA8A3E1A-E106-4B52-A812-88AE6E041BCF}.Release|Any CPU.ActiveCfg = Release|Any CPU
		{DA8A3E1A-E106-4B52-A812-88AE6E041BCF}.Release|Any CPU.Build.0 = Release|Any CPU
		{D1C93213-0E68-4B7D-86F6-B0F25DFE3045}.Debug|Any CPU.ActiveCfg = Debug|Any CPU
		{D1C93213-0E68-4B7D-86F6-B0F25DFE3045}.Debug|Any CPU.Build.0 = Debug|Any CPU
		{D1C93213-0E68-4B7D-86F6-B0F25DFE3045}.Release|Any CPU.ActiveCfg = Release|Any CPU
		{D1C93213-0E68-4B7D-86F6-B0F25DFE3045}.Release|Any CPU.Build.0 = Release|Any CPU
	EndGlobalSection
	GlobalSection(NestedProjects) = preSolution
		{85695B11-8EEB-49DF-BB51-44911711CD8D} = {FFEBD071-4998-41A2-9A3A-A87304A1D488}
		{3BE17D3E-B810-4EB2-A993-4D9E4902C128} = {FFEBD071-4998-41A2-9A3A-A87304A1D488}
		{D1C93213-0E68-4B7D-86F6-B0F25DFE3045} = {FFEBD071-4998-41A2-9A3A-A87304A1D488}
	EndGlobalSection
EndGlobal
